
Microsoft Visual Studio Solution File, Format Version 12.00
# Visual Studio Version 17
VisualStudioVersion = 17.4.33122.133
MinimumVisualStudioVersion = 10.0.40219.1
Project("{9A19103F-16F7-4668-BE54-9A1E7A4F7556}") = "EmployeeManagementSystem.Api", "EmployeeManagementSystem.Api\EmployeeManagementSystem.Api.csproj", "{36BE80A4-6B8D-49F1-B0AE-87E26C1CD080}"
EndProject
Project("{9A19103F-16F7-4668-BE54-9A1E7A4F7556}") = "EmployeeManagementSystem.EF", "EmployeeManagementSystem.Ef\EmployeeManagementSystem.EF.csproj", "{94730D2E-8839-49C7-9660-F3C13988FDC6}"
EndProject
Project("{9A19103F-16F7-4668-BE54-9A1E7A4F7556}") = "Common", "EmployeeManagementSystem.Core\Common.csproj", "{41146F2C-F1BA-4D5F-BA75-1A87ABE13977}"
EndProject
Project("{2150E333-8FDC-42A3-9474-1A3956D46DE8}") = "EmployeeManagementSystem.Core", "EmployeeManagementSystem.Core", "{EA7D4497-74DF-45AE-9461-72D71EBBA6BC}"
EndProject
Project("{2150E333-8FDC-42A3-9474-1A3956D46DE8}") = "EmployeeManagementSystem.EF", "EmployeeManagementSystem.EF", "{FB56FEEF-63EA-454A-92FD-7798827AB5CD}"
EndProject
Project("{2150E333-8FDC-42A3-9474-1A3956D46DE8}") = "Domains", "Domains", "{FA935834-2A4A-4BD9-9FA3-0F812BFA1DB9}"
EndProject
Project("{2150E333-8FDC-42A3-9474-1A3956D46DE8}") = "Employees", "Employees", "{3668CB09-68A1-44BA-AC1B-003F07AC7483}"
EndProject
Project("{9A19103F-16F7-4668-BE54-9A1E7A4F7556}") = "Employees.Server", "Employee.Server\Employees.Server.csproj", "{A2C8D219-2553-485A-96FD-96FFFFC94CCA}"
EndProject
Project("{9A19103F-16F7-4668-BE54-9A1E7A4F7556}") = "Employees.Shared", "Employee.Shared\Employees.Shared.csproj", "{3CC4D9C5-AB2C-4DBD-A34E-6F12C76C25D6}"
EndProject
Project("{2150E333-8FDC-42A3-9474-1A3956D46DE8}") = "Persons", "Persons", "{5D2DB221-EE35-4922-A494-8913631FE195}"
EndProject
Project("{9A19103F-16F7-4668-BE54-9A1E7A4F7556}") = "Persons.Shared", "Persons.Shared\Persons.Shared.csproj", "{60E27BC0-B6D6-4405-9F49-97261554E885}"
EndProject
Project("{2150E333-8FDC-42A3-9474-1A3956D46DE8}") = "Managers", "Managers", "{36D59213-BF22-4F1D-A78E-DB3732DAFCDB}"
EndProject
Project("{2150E333-8FDC-42A3-9474-1A3956D46DE8}") = "Departments", "Departments", "{0A01C294-A73F-43FB-8DAB-EC27A72C8C85}"
EndProject
Project("{2150E333-8FDC-42A3-9474-1A3956D46DE8}") = "EmployeeTasks", "EmployeeTasks", "{73511088-B7E7-4931-8C61-8FBB68258763}"
EndProject
Project("{9A19103F-16F7-4668-BE54-9A1E7A4F7556}") = "Managers.Server", "Managers.Server\Managers.Server.csproj", "{959D9108-6CFC-42F9-AE32-23142E431957}"
EndProject
Project("{9A19103F-16F7-4668-BE54-9A1E7A4F7556}") = "Managers.Shared", "Managers.Shared\Managers.Shared.csproj", "{BC4193F9-6AC9-4E9F-9124-7B8DDE1C5808}"
EndProject
Project("{9A19103F-16F7-4668-BE54-9A1E7A4F7556}") = "Departments.Server", "Departments.Server\Departments.Server.csproj", "{677CF640-6249-4A29-A94E-E84E8EC4AC65}"
EndProject
Project("{9A19103F-16F7-4668-BE54-9A1E7A4F7556}") = "Departments.Shared", "Departments.Shared\Departments.Shared.csproj", "{46EC05D5-3B0F-4F95-BCF5-3040FA90CCBB}"
EndProject
Project("{9A19103F-16F7-4668-BE54-9A1E7A4F7556}") = "EmployeeTasks.Server", "Tasks.Server\EmployeeTasks.Server.csproj", "{9543ED2D-0F6F-4DD4-8137-A573AE006119}"
EndProject
Project("{9A19103F-16F7-4668-BE54-9A1E7A4F7556}") = "EmployeeTasks.Shared", "Tasks.Shared\EmployeeTasks.Shared.csproj", "{4D0EBE36-2590-4E46-81CF-6A951E3271B8}"
EndProject
Project("{2150E333-8FDC-42A3-9474-1A3956D46DE8}") = "Offices", "Offices", "{3AEE8B0F-4DCC-4983-95FD-BDFE226D114C}"
EndProject
Project("{9A19103F-16F7-4668-BE54-9A1E7A4F7556}") = "Offices.Server", "Office.Server\Offices.Server.csproj", "{D6892803-F38D-42F6-AB7D-EB5BEE35D02F}"
EndProject
Project("{9A19103F-16F7-4668-BE54-9A1E7A4F7556}") = "Offices.Shared", "Office.Shared\Offices.Shared.csproj", "{4DA3F601-D23C-4073-9586-E932296D76E8}"
EndProject
Project("{2150E333-8FDC-42A3-9474-1A3956D46DE8}") = "Salaries", "Salaries", "{1EAFD22C-3F19-47A9-9AA5-E9CD60130E3F}"
EndProject
Project("{9A19103F-16F7-4668-BE54-9A1E7A4F7556}") = "Salaries.Server", "Salaries.Server\Salaries.Server.csproj", "{8E4F7FB8-A44A-482A-9AB1-1A59FFE13121}"
EndProject
Project("{9A19103F-16F7-4668-BE54-9A1E7A4F7556}") = "Salaries.Shared", "Salaries.Shared\Salaries.Shared.csproj", "{594910EF-42FD-4357-93E6-42382683ECAE}"
EndProject
Project("{2150E333-8FDC-42A3-9474-1A3956D46DE8}") = "Profiles", "Profiles", "{247ECDCE-35F3-4AAC-BA45-E6288686FD65}"
EndProject
Project("{9A19103F-16F7-4668-BE54-9A1E7A4F7556}") = "Profiles.Server", "Profiles.Server\Profiles.Server.csproj", "{5E5BEB19-80A5-41D6-B45C-AB23C14A2420}"
EndProject
Project("{9A19103F-16F7-4668-BE54-9A1E7A4F7556}") = "Profiles.Shared", "Profiles.Shared\Profiles.Shared.csproj", "{7C21FB98-3C46-41B5-A4CB-AA932DBD51CF}"
EndProject
Project("{FAE04EC0-301F-11D3-BF4B-00C04F79EFBC}") = "EmployeeManagementSystem.Service", "EmployeeManagementSystem.Service\EmployeeManagementSystem.Service.csproj", "{BEA009B8-9150-4050-BD9E-66421FE4F428}"
EndProject
Global
	GlobalSection(SolutionConfigurationPlatforms) = preSolution
		Debug|Any CPU = Debug|Any CPU
		Release|Any CPU = Release|Any CPU
	EndGlobalSection
	GlobalSection(ProjectConfigurationPlatforms) = postSolution
		{36BE80A4-6B8D-49F1-B0AE-87E26C1CD080}.Debug|Any CPU.ActiveCfg = Debug|Any CPU
		{36BE80A4-6B8D-49F1-B0AE-87E26C1CD080}.Debug|Any CPU.Build.0 = Debug|Any CPU
		{36BE80A4-6B8D-49F1-B0AE-87E26C1CD080}.Release|Any CPU.ActiveCfg = Release|Any CPU
		{36BE80A4-6B8D-49F1-B0AE-87E26C1CD080}.Release|Any CPU.Build.0 = Release|Any CPU
		{94730D2E-8839-49C7-9660-F3C13988FDC6}.Debug|Any CPU.ActiveCfg = Debug|Any CPU
		{94730D2E-8839-49C7-9660-F3C13988FDC6}.Debug|Any CPU.Build.0 = Debug|Any CPU
		{94730D2E-8839-49C7-9660-F3C13988FDC6}.Release|Any CPU.ActiveCfg = Release|Any CPU
		{94730D2E-8839-49C7-9660-F3C13988FDC6}.Release|Any CPU.Build.0 = Release|Any CPU
		{41146F2C-F1BA-4D5F-BA75-1A87ABE13977}.Debug|Any CPU.ActiveCfg = Debug|Any CPU
		{41146F2C-F1BA-4D5F-BA75-1A87ABE13977}.Debug|Any CPU.Build.0 = Debug|Any CPU
		{41146F2C-F1BA-4D5F-BA75-1A87ABE13977}.Release|Any CPU.ActiveCfg = Release|Any CPU
		{41146F2C-F1BA-4D5F-BA75-1A87ABE13977}.Release|Any CPU.Build.0 = Release|Any CPU
		{A2C8D219-2553-485A-96FD-96FFFFC94CCA}.Debug|Any CPU.ActiveCfg = Debug|Any CPU
		{A2C8D219-2553-485A-96FD-96FFFFC94CCA}.Debug|Any CPU.Build.0 = Debug|Any CPU
		{A2C8D219-2553-485A-96FD-96FFFFC94CCA}.Release|Any CPU.ActiveCfg = Release|Any CPU
		{A2C8D219-2553-485A-96FD-96FFFFC94CCA}.Release|Any CPU.Build.0 = Release|Any CPU
		{3CC4D9C5-AB2C-4DBD-A34E-6F12C76C25D6}.Debug|Any CPU.ActiveCfg = Debug|Any CPU
		{3CC4D9C5-AB2C-4DBD-A34E-6F12C76C25D6}.Debug|Any CPU.Build.0 = Debug|Any CPU
		{3CC4D9C5-AB2C-4DBD-A34E-6F12C76C25D6}.Release|Any CPU.ActiveCfg = Release|Any CPU
		{3CC4D9C5-AB2C-4DBD-A34E-6F12C76C25D6}.Release|Any CPU.Build.0 = Release|Any CPU
		{60E27BC0-B6D6-4405-9F49-97261554E885}.Debug|Any CPU.ActiveCfg = Debug|Any CPU
		{60E27BC0-B6D6-4405-9F49-97261554E885}.Debug|Any CPU.Build.0 = Debug|Any CPU
		{60E27BC0-B6D6-4405-9F49-97261554E885}.Release|Any CPU.ActiveCfg = Release|Any CPU
		{60E27BC0-B6D6-4405-9F49-97261554E885}.Release|Any CPU.Build.0 = Release|Any CPU
		{959D9108-6CFC-42F9-AE32-23142E431957}.Debug|Any CPU.ActiveCfg = Debug|Any CPU
		{959D9108-6CFC-42F9-AE32-23142E431957}.Debug|Any CPU.Build.0 = Debug|Any CPU
		{959D9108-6CFC-42F9-AE32-23142E431957}.Release|Any CPU.ActiveCfg = Release|Any CPU
		{959D9108-6CFC-42F9-AE32-23142E431957}.Release|Any CPU.Build.0 = Release|Any CPU
		{BC4193F9-6AC9-4E9F-9124-7B8DDE1C5808}.Debug|Any CPU.ActiveCfg = Debug|Any CPU
		{BC4193F9-6AC9-4E9F-9124-7B8DDE1C5808}.Debug|Any CPU.Build.0 = Debug|Any CPU
		{BC4193F9-6AC9-4E9F-9124-7B8DDE1C5808}.Release|Any CPU.ActiveCfg = Release|Any CPU
		{BC4193F9-6AC9-4E9F-9124-7B8DDE1C5808}.Release|Any CPU.Build.0 = Release|Any CPU
		{677CF640-6249-4A29-A94E-E84E8EC4AC65}.Debug|Any CPU.ActiveCfg = Debug|Any CPU
		{677CF640-6249-4A29-A94E-E84E8EC4AC65}.Debug|Any CPU.Build.0 = Debug|Any CPU
		{677CF640-6249-4A29-A94E-E84E8EC4AC65}.Release|Any CPU.ActiveCfg = Release|Any CPU
		{677CF640-6249-4A29-A94E-E84E8EC4AC65}.Release|Any CPU.Build.0 = Release|Any CPU
		{46EC05D5-3B0F-4F95-BCF5-3040FA90CCBB}.Debug|Any CPU.ActiveCfg = Debug|Any CPU
		{46EC05D5-3B0F-4F95-BCF5-3040FA90CCBB}.Debug|Any CPU.Build.0 = Debug|Any CPU
		{46EC05D5-3B0F-4F95-BCF5-3040FA90CCBB}.Release|Any CPU.ActiveCfg = Release|Any CPU
		{46EC05D5-3B0F-4F95-BCF5-3040FA90CCBB}.Release|Any CPU.Build.0 = Release|Any CPU
		{9543ED2D-0F6F-4DD4-8137-A573AE006119}.Debug|Any CPU.ActiveCfg = Debug|Any CPU
		{9543ED2D-0F6F-4DD4-8137-A573AE006119}.Debug|Any CPU.Build.0 = Debug|Any CPU
		{9543ED2D-0F6F-4DD4-8137-A573AE006119}.Release|Any CPU.ActiveCfg = Release|Any CPU
		{9543ED2D-0F6F-4DD4-8137-A573AE006119}.Release|Any CPU.Build.0 = Release|Any CPU
		{4D0EBE36-2590-4E46-81CF-6A951E3271B8}.Debug|Any CPU.ActiveCfg = Debug|Any CPU
		{4D0EBE36-2590-4E46-81CF-6A951E3271B8}.Debug|Any CPU.Build.0 = Debug|Any CPU
		{4D0EBE36-2590-4E46-81CF-6A951E3271B8}.Release|Any CPU.ActiveCfg = Release|Any CPU
		{4D0EBE36-2590-4E46-81CF-6A951E3271B8}.Release|Any CPU.Build.0 = Release|Any CPU
		{D6892803-F38D-42F6-AB7D-EB5BEE35D02F}.Debug|Any CPU.ActiveCfg = Debug|Any CPU
		{D6892803-F38D-42F6-AB7D-EB5BEE35D02F}.Debug|Any CPU.Build.0 = Debug|Any CPU
		{D6892803-F38D-42F6-AB7D-EB5BEE35D02F}.Release|Any CPU.ActiveCfg = Release|Any CPU
		{D6892803-F38D-42F6-AB7D-EB5BEE35D02F}.Release|Any CPU.Build.0 = Release|Any CPU
		{4DA3F601-D23C-4073-9586-E932296D76E8}.Debug|Any CPU.ActiveCfg = Debug|Any CPU
		{4DA3F601-D23C-4073-9586-E932296D76E8}.Debug|Any CPU.Build.0 = Debug|Any CPU
		{4DA3F601-D23C-4073-9586-E932296D76E8}.Release|Any CPU.ActiveCfg = Release|Any CPU
		{4DA3F601-D23C-4073-9586-E932296D76E8}.Release|Any CPU.Build.0 = Release|Any CPU
		{8E4F7FB8-A44A-482A-9AB1-1A59FFE13121}.Debug|Any CPU.ActiveCfg = Debug|Any CPU
		{8E4F7FB8-A44A-482A-9AB1-1A59FFE13121}.Debug|Any CPU.Build.0 = Debug|Any CPU
		{8E4F7FB8-A44A-482A-9AB1-1A59FFE13121}.Release|Any CPU.ActiveCfg = Release|Any CPU
		{8E4F7FB8-A44A-482A-9AB1-1A59FFE13121}.Release|Any CPU.Build.0 = Release|Any CPU
		{594910EF-42FD-4357-93E6-42382683ECAE}.Debug|Any CPU.ActiveCfg = Debug|Any CPU
		{594910EF-42FD-4357-93E6-42382683ECAE}.Debug|Any CPU.Build.0 = Debug|Any CPU
		{594910EF-42FD-4357-93E6-42382683ECAE}.Release|Any CPU.ActiveCfg = Release|Any CPU
		{594910EF-42FD-4357-93E6-42382683ECAE}.Release|Any CPU.Build.0 = Release|Any CPU
		{5E5BEB19-80A5-41D6-B45C-AB23C14A2420}.Debug|Any CPU.ActiveCfg = Debug|Any CPU
		{5E5BEB19-80A5-41D6-B45C-AB23C14A2420}.Debug|Any CPU.Build.0 = Debug|Any CPU
		{5E5BEB19-80A5-41D6-B45C-AB23C14A2420}.Release|Any CPU.ActiveCfg = Release|Any CPU
		{5E5BEB19-80A5-41D6-B45C-AB23C14A2420}.Release|Any CPU.Build.0 = Release|Any CPU
		{7C21FB98-3C46-41B5-A4CB-AA932DBD51CF}.Debug|Any CPU.ActiveCfg = Debug|Any CPU
		{7C21FB98-3C46-41B5-A4CB-AA932DBD51CF}.Debug|Any CPU.Build.0 = Debug|Any CPU
		{7C21FB98-3C46-41B5-A4CB-AA932DBD51CF}.Release|Any CPU.ActiveCfg = Release|Any CPU
		{7C21FB98-3C46-41B5-A4CB-AA932DBD51CF}.Release|Any CPU.Build.0 = Release|Any CPU
		{BEA009B8-9150-4050-BD9E-66421FE4F428}.Debug|Any CPU.ActiveCfg = Debug|Any CPU
		{BEA009B8-9150-4050-BD9E-66421FE4F428}.Debug|Any CPU.Build.0 = Debug|Any CPU
		{BEA009B8-9150-4050-BD9E-66421FE4F428}.Release|Any CPU.ActiveCfg = Release|Any CPU
		{BEA009B8-9150-4050-BD9E-66421FE4F428}.Release|Any CPU.Build.0 = Release|Any CPU
	EndGlobalSection
	GlobalSection(SolutionProperties) = preSolution
		HideSolutionNode = FALSE
	EndGlobalSection
	GlobalSection(NestedProjects) = preSolution
		{94730D2E-8839-49C7-9660-F3C13988FDC6} = {FB56FEEF-63EA-454A-92FD-7798827AB5CD}
		{41146F2C-F1BA-4D5F-BA75-1A87ABE13977} = {EA7D4497-74DF-45AE-9461-72D71EBBA6BC}
		{FA935834-2A4A-4BD9-9FA3-0F812BFA1DB9} = {FB56FEEF-63EA-454A-92FD-7798827AB5CD}
		{3668CB09-68A1-44BA-AC1B-003F07AC7483} = {FA935834-2A4A-4BD9-9FA3-0F812BFA1DB9}
		{A2C8D219-2553-485A-96FD-96FFFFC94CCA} = {3668CB09-68A1-44BA-AC1B-003F07AC7483}
		{3CC4D9C5-AB2C-4DBD-A34E-6F12C76C25D6} = {3668CB09-68A1-44BA-AC1B-003F07AC7483}
		{5D2DB221-EE35-4922-A494-8913631FE195} = {FA935834-2A4A-4BD9-9FA3-0F812BFA1DB9}
		{60E27BC0-B6D6-4405-9F49-97261554E885} = {5D2DB221-EE35-4922-A494-8913631FE195}
		{36D59213-BF22-4F1D-A78E-DB3732DAFCDB} = {FA935834-2A4A-4BD9-9FA3-0F812BFA1DB9}
		{0A01C294-A73F-43FB-8DAB-EC27A72C8C85} = {FA935834-2A4A-4BD9-9FA3-0F812BFA1DB9}
		{73511088-B7E7-4931-8C61-8FBB68258763} = {FA935834-2A4A-4BD9-9FA3-0F812BFA1DB9}
		{959D9108-6CFC-42F9-AE32-23142E431957} = {36D59213-BF22-4F1D-A78E-DB3732DAFCDB}
		{BC4193F9-6AC9-4E9F-9124-7B8DDE1C5808} = {36D59213-BF22-4F1D-A78E-DB3732DAFCDB}
		{677CF640-6249-4A29-A94E-E84E8EC4AC65} = {0A01C294-A73F-43FB-8DAB-EC27A72C8C85}
		{46EC05D5-3B0F-4F95-BCF5-3040FA90CCBB} = {0A01C294-A73F-43FB-8DAB-EC27A72C8C85}
		{9543ED2D-0F6F-4DD4-8137-A573AE006119} = {73511088-B7E7-4931-8C61-8FBB68258763}
		{4D0EBE36-2590-4E46-81CF-6A951E3271B8} = {73511088-B7E7-4931-8C61-8FBB68258763}
		{3AEE8B0F-4DCC-4983-95FD-BDFE226D114C} = {FA935834-2A4A-4BD9-9FA3-0F812BFA1DB9}
		{D6892803-F38D-42F6-AB7D-EB5BEE35D02F} = {3AEE8B0F-4DCC-4983-95FD-BDFE226D114C}
		{4DA3F601-D23C-4073-9586-E932296D76E8} = {3AEE8B0F-4DCC-4983-95FD-BDFE226D114C}
		{1EAFD22C-3F19-47A9-9AA5-E9CD60130E3F} = {FA935834-2A4A-4BD9-9FA3-0F812BFA1DB9}
		{8E4F7FB8-A44A-482A-9AB1-1A59FFE13121} = {1EAFD22C-3F19-47A9-9AA5-E9CD60130E3F}
		{594910EF-42FD-4357-93E6-42382683ECAE} = {1EAFD22C-3F19-47A9-9AA5-E9CD60130E3F}
		{247ECDCE-35F3-4AAC-BA45-E6288686FD65} = {FA935834-2A4A-4BD9-9FA3-0F812BFA1DB9}
		{5E5BEB19-80A5-41D6-B45C-AB23C14A2420} = {247ECDCE-35F3-4AAC-BA45-E6288686FD65}
		{7C21FB98-3C46-41B5-A4CB-AA932DBD51CF} = {247ECDCE-35F3-4AAC-BA45-E6288686FD65}
	EndGlobalSection
	GlobalSection(ExtensibilityGlobals) = postSolution
		SolutionGuid = {F3266641-D932-467C-AECA-0C0F1E2AD154}
	EndGlobalSection
EndGlobal
